
Microsoft Visual Studio Solution File, Format Version 12.00
# Visual Studio Version 17
VisualStudioVersion = 17.11.35312.102
MinimumVisualStudioVersion = 10.0.40219.1
Project("{FAE04EC0-301F-11D3-BF4B-00C04F79EFBC}") = "MakarovLB1", "MakarovLB1\MakarovLB1.csproj", "{39909850-A05A-44B9-BA6F-5C8375E590D3}"
EndProject
Global
	GlobalSection(SolutionConfigurationPlatforms) = preSolution
		Debug|Any CPU = Debug|Any CPU
		Release|Any CPU = Release|Any CPU
	EndGlobalSection
	GlobalSection(ProjectConfigurationPlatforms) = postSolution
		{39909850-A05A-44B9-BA6F-5C8375E590D3}.Debug|Any CPU.ActiveCfg = Debug|Any CPU
		{39909850-A05A-44B9-BA6F-5C8375E590D3}.Debug|Any CPU.Build.0 = Debug|Any CPU
		{39909850-A05A-44B9-BA6F-5C8375E590D3}.Release|Any CPU.ActiveCfg = Release|Any CPU
		{39909850-A05A-44B9-BA6F-5C8375E590D3}.Release|Any CPU.Build.0 = Release|Any CPU
	EndGlobalSection
	GlobalSection(SolutionProperties) = preSolution
		HideSolutionNode = FALSE
	EndGlobalSection
	GlobalSection(ExtensibilityGlobals) = postSolution
		SolutionGuid = {6D47B23C-66A4-4F7F-AE6D-EC8925E2A6BB}
	EndGlobalSection
EndGlobal
